
Microsoft Visual Studio Solution File, Format Version 11.00
# Visual Studio 2010
Project("{8BC9CEB8-8B4A-11D0-8D11-00A0C91BC942}") = "BitwiseAnd", "BitwiseAnd.vcxproj", "{C0328E17-E463-45A9-B980-317A906B0FE3}"
EndProject
Global
	GlobalSection(SolutionConfigurationPlatforms) = preSolution
		Debug|Win32 = Debug|Win32
		Release|Win32 = Release|Win32
	EndGlobalSection
	GlobalSection(ProjectConfigurationPlatforms) = postSolution
		{C0328E17-E463-45A9-B980-317A906B0FE3}.Debug|Win32.ActiveCfg = Debug|Win32
		{C0328E17-E463-45A9-B980-317A906B0FE3}.Debug|Win32.Build.0 = Debug|Win32
		{C0328E17-E463-45A9-B980-317A906B0FE3}.Release|Win32.ActiveCfg = Release|Win32
		{C0328E17-E463-45A9-B980-317A906B0FE3}.Release|Win32.Build.0 = Release|Win32
	EndGlobalSection
	GlobalSection(SolutionProperties) = preSolution
		HideSolutionNode = FALSE
	EndGlobalSection
EndGlobal
