
Microsoft Visual Studio Solution File, Format Version 11.00
# Visual Studio 2010
Project("{8BC9CEB8-8B4A-11D0-8D11-00A0C91BC942}") = "WinningRecord", "WinningRecord\WinningRecord.vcxproj", "{C58A7D45-D438-4F3C-97C4-A0F6B27694B3}"
EndProject
Global
	GlobalSection(SolutionConfigurationPlatforms) = preSolution
		Debug|Win32 = Debug|Win32
		Release|Win32 = Release|Win32
	EndGlobalSection
	GlobalSection(ProjectConfigurationPlatforms) = postSolution
		{C58A7D45-D438-4F3C-97C4-A0F6B27694B3}.Debug|Win32.ActiveCfg = Debug|Win32
		{C58A7D45-D438-4F3C-97C4-A0F6B27694B3}.Debug|Win32.Build.0 = Debug|Win32
		{C58A7D45-D438-4F3C-97C4-A0F6B27694B3}.Release|Win32.ActiveCfg = Release|Win32
		{C58A7D45-D438-4F3C-97C4-A0F6B27694B3}.Release|Win32.Build.0 = Release|Win32
	EndGlobalSection
	GlobalSection(SolutionProperties) = preSolution
		HideSolutionNode = FALSE
	EndGlobalSection
EndGlobal
