
Microsoft Visual Studio Solution File, Format Version 11.00
# Visual Studio 2010
Project("{8BC9CEB8-8B4A-11D0-8D11-00A0C91BC942}") = "CombinationLockDiv1", "CombinationLockDiv1.vcxproj", "{579EDFB5-1CA9-47A5-B249-76BC8D212370}"
EndProject
Global
	GlobalSection(SolutionConfigurationPlatforms) = preSolution
		Debug|Win32 = Debug|Win32
		Release|Win32 = Release|Win32
	EndGlobalSection
	GlobalSection(ProjectConfigurationPlatforms) = postSolution
		{579EDFB5-1CA9-47A5-B249-76BC8D212370}.Debug|Win32.ActiveCfg = Debug|Win32
		{579EDFB5-1CA9-47A5-B249-76BC8D212370}.Debug|Win32.Build.0 = Debug|Win32
		{579EDFB5-1CA9-47A5-B249-76BC8D212370}.Release|Win32.ActiveCfg = Release|Win32
		{579EDFB5-1CA9-47A5-B249-76BC8D212370}.Release|Win32.Build.0 = Release|Win32
	EndGlobalSection
	GlobalSection(SolutionProperties) = preSolution
		HideSolutionNode = FALSE
	EndGlobalSection
EndGlobal
