
Microsoft Visual Studio Solution File, Format Version 11.00
# Visual Studio 2010
Project("{8BC9CEB8-8B4A-11D0-8D11-00A0C91BC942}") = "SRM", "SRM\SRM.vcxproj", "{F9AD3FB8-FF6B-45D7-94C7-20E12026DDFF}"
EndProject
Project("{8BC9CEB8-8B4A-11D0-8D11-00A0C91BC942}") = "L2", "L2\L2.vcxproj", "{F0503351-EEA8-4DD4-A1F4-2A9B262BD164}"
EndProject
Project("{8BC9CEB8-8B4A-11D0-8D11-00A0C91BC942}") = "L3", "L3\L3.vcxproj", "{0B447810-39BA-4902-8322-47DCCAB4043B}"
EndProject
Global
	GlobalSection(SolutionConfigurationPlatforms) = preSolution
		Debug|Win32 = Debug|Win32
		Release|Win32 = Release|Win32
	EndGlobalSection
	GlobalSection(ProjectConfigurationPlatforms) = postSolution
		{F9AD3FB8-FF6B-45D7-94C7-20E12026DDFF}.Debug|Win32.ActiveCfg = Debug|Win32
		{F9AD3FB8-FF6B-45D7-94C7-20E12026DDFF}.Debug|Win32.Build.0 = Debug|Win32
		{F9AD3FB8-FF6B-45D7-94C7-20E12026DDFF}.Release|Win32.ActiveCfg = Release|Win32
		{F9AD3FB8-FF6B-45D7-94C7-20E12026DDFF}.Release|Win32.Build.0 = Release|Win32
		{F0503351-EEA8-4DD4-A1F4-2A9B262BD164}.Debug|Win32.ActiveCfg = Debug|Win32
		{F0503351-EEA8-4DD4-A1F4-2A9B262BD164}.Debug|Win32.Build.0 = Debug|Win32
		{F0503351-EEA8-4DD4-A1F4-2A9B262BD164}.Release|Win32.ActiveCfg = Release|Win32
		{F0503351-EEA8-4DD4-A1F4-2A9B262BD164}.Release|Win32.Build.0 = Release|Win32
		{0B447810-39BA-4902-8322-47DCCAB4043B}.Debug|Win32.ActiveCfg = Debug|Win32
		{0B447810-39BA-4902-8322-47DCCAB4043B}.Debug|Win32.Build.0 = Debug|Win32
		{0B447810-39BA-4902-8322-47DCCAB4043B}.Release|Win32.ActiveCfg = Release|Win32
		{0B447810-39BA-4902-8322-47DCCAB4043B}.Release|Win32.Build.0 = Release|Win32
	EndGlobalSection
	GlobalSection(SolutionProperties) = preSolution
		HideSolutionNode = FALSE
	EndGlobalSection
EndGlobal
