
Microsoft Visual Studio Solution File, Format Version 11.00
# Visual Studio 2010
Project("{8BC9CEB8-8B4A-11D0-8D11-00A0C91BC942}") = "Projections", "Projections\Projections.vcxproj", "{129E7FD8-CF82-4C8F-9393-C266E8BAA992}"
EndProject
Global
	GlobalSection(SolutionConfigurationPlatforms) = preSolution
		Debug|Win32 = Debug|Win32
		Release|Win32 = Release|Win32
	EndGlobalSection
	GlobalSection(ProjectConfigurationPlatforms) = postSolution
		{129E7FD8-CF82-4C8F-9393-C266E8BAA992}.Debug|Win32.ActiveCfg = Debug|Win32
		{129E7FD8-CF82-4C8F-9393-C266E8BAA992}.Debug|Win32.Build.0 = Debug|Win32
		{129E7FD8-CF82-4C8F-9393-C266E8BAA992}.Release|Win32.ActiveCfg = Release|Win32
		{129E7FD8-CF82-4C8F-9393-C266E8BAA992}.Release|Win32.Build.0 = Release|Win32
	EndGlobalSection
	GlobalSection(SolutionProperties) = preSolution
		HideSolutionNode = FALSE
	EndGlobalSection
EndGlobal
