
Microsoft Visual Studio Solution File, Format Version 11.00
# Visual Studio 2010
Project("{8BC9CEB8-8B4A-11D0-8D11-00A0C91BC942}") = "PowerOfThree", "PowerOfThree\PowerOfThree.vcxproj", "{DBA29C21-0279-41E0-8F4C-761CF03691CF}"
EndProject
Global
	GlobalSection(SolutionConfigurationPlatforms) = preSolution
		Debug|Win32 = Debug|Win32
		Release|Win32 = Release|Win32
	EndGlobalSection
	GlobalSection(ProjectConfigurationPlatforms) = postSolution
		{DBA29C21-0279-41E0-8F4C-761CF03691CF}.Debug|Win32.ActiveCfg = Debug|Win32
		{DBA29C21-0279-41E0-8F4C-761CF03691CF}.Debug|Win32.Build.0 = Debug|Win32
		{DBA29C21-0279-41E0-8F4C-761CF03691CF}.Release|Win32.ActiveCfg = Release|Win32
		{DBA29C21-0279-41E0-8F4C-761CF03691CF}.Release|Win32.Build.0 = Release|Win32
	EndGlobalSection
	GlobalSection(SolutionProperties) = preSolution
		HideSolutionNode = FALSE
	EndGlobalSection
EndGlobal
