
Microsoft Visual Studio Solution File, Format Version 11.00
# Visual Studio 2010
Project("{8BC9CEB8-8B4A-11D0-8D11-00A0C91BC942}") = "InsertZ", "InsertZ\InsertZ.vcxproj", "{368C3907-C03C-4CCF-B408-A25DD5EBDC8C}"
EndProject
Global
	GlobalSection(SolutionConfigurationPlatforms) = preSolution
		Debug|Win32 = Debug|Win32
		Release|Win32 = Release|Win32
	EndGlobalSection
	GlobalSection(ProjectConfigurationPlatforms) = postSolution
		{368C3907-C03C-4CCF-B408-A25DD5EBDC8C}.Debug|Win32.ActiveCfg = Debug|Win32
		{368C3907-C03C-4CCF-B408-A25DD5EBDC8C}.Debug|Win32.Build.0 = Debug|Win32
		{368C3907-C03C-4CCF-B408-A25DD5EBDC8C}.Release|Win32.ActiveCfg = Release|Win32
		{368C3907-C03C-4CCF-B408-A25DD5EBDC8C}.Release|Win32.Build.0 = Release|Win32
	EndGlobalSection
	GlobalSection(SolutionProperties) = preSolution
		HideSolutionNode = FALSE
	EndGlobalSection
EndGlobal
