
Microsoft Visual Studio Solution File, Format Version 11.00
# Visual Studio 2010
Project("{8BC9CEB8-8B4A-11D0-8D11-00A0C91BC942}") = "LittleElephantAndBooks", "LittleElephantAndBooks\LittleElephantAndBooks.vcxproj", "{5905B147-A4F5-47A9-AA6D-30242D4AB989}"
EndProject
Global
	GlobalSection(SolutionConfigurationPlatforms) = preSolution
		Debug|Win32 = Debug|Win32
		Release|Win32 = Release|Win32
	EndGlobalSection
	GlobalSection(ProjectConfigurationPlatforms) = postSolution
		{5905B147-A4F5-47A9-AA6D-30242D4AB989}.Debug|Win32.ActiveCfg = Debug|Win32
		{5905B147-A4F5-47A9-AA6D-30242D4AB989}.Debug|Win32.Build.0 = Debug|Win32
		{5905B147-A4F5-47A9-AA6D-30242D4AB989}.Release|Win32.ActiveCfg = Release|Win32
		{5905B147-A4F5-47A9-AA6D-30242D4AB989}.Release|Win32.Build.0 = Release|Win32
	EndGlobalSection
	GlobalSection(SolutionProperties) = preSolution
		HideSolutionNode = FALSE
	EndGlobalSection
EndGlobal
