
Microsoft Visual Studio Solution File, Format Version 11.00
# Visual Studio 2010
Project("{8BC9CEB8-8B4A-11D0-8D11-00A0C91BC942}") = "FoxAndGomoku", "FoxAndGomoku\FoxAndGomoku.vcxproj", "{C27C3097-4A7E-4272-82B0-325A5FC8D287}"
EndProject
Global
	GlobalSection(SolutionConfigurationPlatforms) = preSolution
		Debug|Win32 = Debug|Win32
		Release|Win32 = Release|Win32
	EndGlobalSection
	GlobalSection(ProjectConfigurationPlatforms) = postSolution
		{C27C3097-4A7E-4272-82B0-325A5FC8D287}.Debug|Win32.ActiveCfg = Debug|Win32
		{C27C3097-4A7E-4272-82B0-325A5FC8D287}.Debug|Win32.Build.0 = Debug|Win32
		{C27C3097-4A7E-4272-82B0-325A5FC8D287}.Release|Win32.ActiveCfg = Release|Win32
		{C27C3097-4A7E-4272-82B0-325A5FC8D287}.Release|Win32.Build.0 = Release|Win32
	EndGlobalSection
	GlobalSection(SolutionProperties) = preSolution
		HideSolutionNode = FALSE
	EndGlobalSection
EndGlobal
