
Microsoft Visual Studio Solution File, Format Version 11.00
# Visual Studio 2010
Project("{8BC9CEB8-8B4A-11D0-8D11-00A0C91BC942}") = "L1", "L1\L1.vcxproj", "{50C11993-5252-4ED7-946E-542942080410}"
EndProject
Project("{8BC9CEB8-8B4A-11D0-8D11-00A0C91BC942}") = "L2", "L2\L2.vcxproj", "{EEF4C673-3C2D-4843-A832-331F44902A43}"
EndProject
Project("{8BC9CEB8-8B4A-11D0-8D11-00A0C91BC942}") = "L3", "L3\L3.vcxproj", "{20E712E3-2713-4D3A-A5B5-28FC37B519E0}"
EndProject
Global
	GlobalSection(SolutionConfigurationPlatforms) = preSolution
		Debug|Win32 = Debug|Win32
		Release|Win32 = Release|Win32
	EndGlobalSection
	GlobalSection(ProjectConfigurationPlatforms) = postSolution
		{50C11993-5252-4ED7-946E-542942080410}.Debug|Win32.ActiveCfg = Debug|Win32
		{50C11993-5252-4ED7-946E-542942080410}.Debug|Win32.Build.0 = Debug|Win32
		{50C11993-5252-4ED7-946E-542942080410}.Release|Win32.ActiveCfg = Release|Win32
		{50C11993-5252-4ED7-946E-542942080410}.Release|Win32.Build.0 = Release|Win32
		{EEF4C673-3C2D-4843-A832-331F44902A43}.Debug|Win32.ActiveCfg = Debug|Win32
		{EEF4C673-3C2D-4843-A832-331F44902A43}.Debug|Win32.Build.0 = Debug|Win32
		{EEF4C673-3C2D-4843-A832-331F44902A43}.Release|Win32.ActiveCfg = Release|Win32
		{EEF4C673-3C2D-4843-A832-331F44902A43}.Release|Win32.Build.0 = Release|Win32
		{20E712E3-2713-4D3A-A5B5-28FC37B519E0}.Debug|Win32.ActiveCfg = Debug|Win32
		{20E712E3-2713-4D3A-A5B5-28FC37B519E0}.Debug|Win32.Build.0 = Debug|Win32
		{20E712E3-2713-4D3A-A5B5-28FC37B519E0}.Release|Win32.ActiveCfg = Release|Win32
		{20E712E3-2713-4D3A-A5B5-28FC37B519E0}.Release|Win32.Build.0 = Release|Win32
	EndGlobalSection
	GlobalSection(SolutionProperties) = preSolution
		HideSolutionNode = FALSE
	EndGlobalSection
EndGlobal
