
Microsoft Visual Studio Solution File, Format Version 11.00
# Visual Studio 2010
Project("{8BC9CEB8-8B4A-11D0-8D11-00A0C91BC942}") = "LargestCircle", "LargestCircle\LargestCircle.vcxproj", "{F81DC8AB-038D-4A0C-8644-9931B6F21FAF}"
EndProject
Global
	GlobalSection(SolutionConfigurationPlatforms) = preSolution
		Debug|Win32 = Debug|Win32
		Release|Win32 = Release|Win32
	EndGlobalSection
	GlobalSection(ProjectConfigurationPlatforms) = postSolution
		{F81DC8AB-038D-4A0C-8644-9931B6F21FAF}.Debug|Win32.ActiveCfg = Debug|Win32
		{F81DC8AB-038D-4A0C-8644-9931B6F21FAF}.Debug|Win32.Build.0 = Debug|Win32
		{F81DC8AB-038D-4A0C-8644-9931B6F21FAF}.Release|Win32.ActiveCfg = Release|Win32
		{F81DC8AB-038D-4A0C-8644-9931B6F21FAF}.Release|Win32.Build.0 = Release|Win32
	EndGlobalSection
	GlobalSection(SolutionProperties) = preSolution
		HideSolutionNode = FALSE
	EndGlobalSection
EndGlobal
