
Microsoft Visual Studio Solution File, Format Version 11.00
# Visual Studio 2010
Project("{8BC9CEB8-8B4A-11D0-8D11-00A0C91BC942}") = "ArcadeManao", "ArcadeManao\ArcadeManao.vcxproj", "{952F9C07-6BDF-4C55-86B3-0272C040EEFD}"
EndProject
Global
	GlobalSection(SolutionConfigurationPlatforms) = preSolution
		Debug|Win32 = Debug|Win32
		Release|Win32 = Release|Win32
	EndGlobalSection
	GlobalSection(ProjectConfigurationPlatforms) = postSolution
		{952F9C07-6BDF-4C55-86B3-0272C040EEFD}.Debug|Win32.ActiveCfg = Debug|Win32
		{952F9C07-6BDF-4C55-86B3-0272C040EEFD}.Debug|Win32.Build.0 = Debug|Win32
		{952F9C07-6BDF-4C55-86B3-0272C040EEFD}.Release|Win32.ActiveCfg = Release|Win32
		{952F9C07-6BDF-4C55-86B3-0272C040EEFD}.Release|Win32.Build.0 = Release|Win32
	EndGlobalSection
	GlobalSection(SolutionProperties) = preSolution
		HideSolutionNode = FALSE
	EndGlobalSection
EndGlobal
